// !$*UTF8*$!
{
	archiveVersion = 1;
	classes = {};
	objectVersion = 56;
	objects = {
		B87A37DFA5430F6DB9FEE5D9 = { isa = PBXFileReference; lastKnownFileType = sourcecode.swift; path = "HemoryLocalApp.swift"; sourceTree = "<group>"; };
		9ADD4E652E04FAA3445CA57A = { isa = PBXBuildFile; fileRef = B87A37DFA5430F6DB9FEE5D9; };
		B8A1B3ED4682DC169CEED346 = { isa = PBXFileReference; lastKnownFileType = sourcecode.swift; path = "Storage.swift"; sourceTree = "<group>"; };
		0F683D21855DBC75EF40BD6B = { isa = PBXBuildFile; fileRef = B8A1B3ED4682DC169CEED346; };
		60302E3A0E3D8127C4454130 = { isa = PBXFileReference; lastKnownFileType = sourcecode.swift; path = "Recorder.swift"; sourceTree = "<group>"; };
		043899004FD65F583965479B = { isa = PBXBuildFile; fileRef = 60302E3A0E3D8127C4454130; };
		F659E1BC6318D08B7EC95C3A = { isa = PBXFileReference; lastKnownFileType = sourcecode.swift; path = "Uploader.swift"; sourceTree = "<group>"; };
		30A2FACFB2DDC4CBE6DD2322 = { isa = PBXBuildFile; fileRef = F659E1BC6318D08B7EC95C3A; };
		CF07E35A97F4FBC559E1427C = { isa = PBXFileReference; lastKnownFileType = sourcecode.swift; path = "PairingBridge.swift"; sourceTree = "<group>"; };
		2BD09E7E284FD2B86069E7CC = { isa = PBXBuildFile; fileRef = CF07E35A97F4FBC559E1427C; };
		E9EE6DFB09C1820B64F9CDA7 = { isa = PBXFileReference; lastKnownFileType = sourcecode.swift; path = "../HoldState.swift"; sourceTree = "<group>"; };
		9618A00D8D875841CF3ABA48 = { isa = PBXBuildFile; fileRef = E9EE6DFB09C1820B64F9CDA7; };
		BD12731D7BC9B843D8523E65 = { isa = PBXFileReference; lastKnownFileType = folder.assetcatalog; path = Assets.xcassets; sourceTree = "<group>"; };
		7353E385ECAA9C0967E0B2D0 = { isa = PBXBuildFile; fileRef = BD12731D7BC9B843D8523E65; };
		54A57C3147C49F33DE5898B8 = { isa = PBXFileReference; lastKnownFileType = text.xml; path = PrivacyInfo.xcprivacy; sourceTree = "<group>"; };
		3C6EAFF283AF346100031524 = { isa = PBXBuildFile; fileRef = 54A57C3147C49F33DE5898B8; };
		170322A32F3C35B2C61576A5 = { isa = PBXFileReference; lastKnownFileType = text.plist.xml; path = Info.plist; sourceTree = "<group>"; };
		A8792157CB4F27FB949C035F = { isa = PBXFileReference; explicitFileType = wrapper.application; includeInIndex = 0; path = HemoryLocal.app; sourceTree = BUILT_PRODUCTS_DIR; };
		208E562E2D20DD0AD3EF2749 = { isa = PBXFileReference; explicitFileType = wrapper.application; includeInIndex = 0; path = HemoryLocalDistribution.app; sourceTree = BUILT_PRODUCTS_DIR; };
		4819E6FA1392B376DB8CDC07 = { isa = PBXGroup; children = (B87A37DFA5430F6DB9FEE5D9, B8A1B3ED4682DC169CEED346, 60302E3A0E3D8127C4454130, F659E1BC6318D08B7EC95C3A, CF07E35A97F4FBC559E1427C, E9EE6DFB09C1820B64F9CDA7, 170322A32F3C35B2C61576A5, BD12731D7BC9B843D8523E65, 54A57C3147C49F33DE5898B8,); path = HemoryLocal; sourceTree = "<group>"; };
		CEB54D81ABD048ED16E43F44 = { isa = PBXFileReference; lastKnownFileType = sourcecode.swift; path = ExtBrainPhoneApp.swift; sourceTree = "<group>"; };
		DE829745BEBAFC24A51AD1CA = { isa = PBXFileReference; lastKnownFileType = folder.assetcatalog; path = Assets.xcassets; sourceTree = "<group>"; };
		6C060BB90A9632B5990A392C = { isa = PBXGroup; children = (CEB54D81ABD048ED16E43F44, DE829745BEBAFC24A51AD1CA,); path = Phone; sourceTree = "<group>"; };
		58753050C96014822ED3F373 = { isa = PBXBuildFile; fileRef = CEB54D81ABD048ED16E43F44; };
		0028E97B7846CB489AD8A711 = { isa = PBXBuildFile; fileRef = DE829745BEBAFC24A51AD1CA; };
		93A7B1160B704E4FD877920E = { isa = PBXBuildFile; fileRef = 54A57C3147C49F33DE5898B8; };
		03EDF4119C347A0057A7C9D2 = { isa = PBXBuildFile; fileRef = B8A1B3ED4682DC169CEED346; };
		1AE87FE7DDAC3170A746A342 = { isa = PBXBuildFile; fileRef = CF07E35A97F4FBC559E1427C; };
		0A3E27B8CA818264D75C8D81 = { isa = PBXGroup; children = (A8792157CB4F27FB949C035F, 208E562E2D20DD0AD3EF2749,); name = Products; sourceTree = "<group>"; };
		A0282CDBEE91B0AC00351D03 = { isa = PBXGroup; children = (4819E6FA1392B376DB8CDC07, 6C060BB90A9632B5990A392C, 0A3E27B8CA818264D75C8D81,); sourceTree = "<group>"; };
		878A52FC5FF6A57D50B7B870 = { isa = PBXSourcesBuildPhase; buildActionMask = 2147483647; files = (9ADD4E652E04FAA3445CA57A, 0F683D21855DBC75EF40BD6B, 043899004FD65F583965479B, 30A2FACFB2DDC4CBE6DD2322, 2BD09E7E284FD2B86069E7CC, 9618A00D8D875841CF3ABA48,); runOnlyForDeploymentPostprocessing = 0; };
		E2AA269EB967A8853A258BFA = { isa = PBXFrameworksBuildPhase; buildActionMask = 2147483647; files = (); runOnlyForDeploymentPostprocessing = 0; };
		41D311A605520FC7B8B9A980 = { isa = PBXResourcesBuildPhase; buildActionMask = 2147483647; files = (7353E385ECAA9C0967E0B2D0, 3C6EAFF283AF346100031524,); runOnlyForDeploymentPostprocessing = 0; };
		34A04005BCAF206EEC990BD9 = { isa = PBXNativeTarget; buildConfigurationList = 78F249D9140B5D7B47DA2B7D;
            buildPhases = (878A52FC5FF6A57D50B7B870, E2AA269EB967A8853A258BFA, 41D311A605520FC7B8B9A980,);
            buildRules = (); dependencies = (); name = HemoryLocal; productName = HemoryLocal;
            productReference = A8792157CB4F27FB949C035F; productType = "com.apple.product-type.application"; };
		B82A44350735414DA2BCC025 = { isa = PBXBuildFile; fileRef = A8792157CB4F27FB949C035F; settings = { ATTRIBUTES = (RemoveHeadersOnCopy,); }; };
		DF1D964DDEA118B6ECC4BC51 = { isa = PBXCopyFilesBuildPhase; buildActionMask = 2147483647; dstPath = "$(CONTENTS_FOLDER_PATH)/Watch"; dstSubfolderSpec = 16; files = (B82A44350735414DA2BCC025,); name = "Embed Watch Content"; runOnlyForDeploymentPostprocessing = 0; };
		87205A482DC72B3DD7AA8F05 = { isa = PBXContainerItemProxy; containerPortal = 244210E48437B6556980A702; proxyType = 1; remoteGlobalIDString = 34A04005BCAF206EEC990BD9; remoteInfo = HemoryLocal; };
		553EC43BEAAD303DD5DAF5FA = { isa = PBXTargetDependency; target = 34A04005BCAF206EEC990BD9; targetProxy = 87205A482DC72B3DD7AA8F05; };
		A6075E6B5883DCB2AB7E04CA = { isa = PBXSourcesBuildPhase; buildActionMask = 2147483647; files = (58753050C96014822ED3F373, 03EDF4119C347A0057A7C9D2, 1AE87FE7DDAC3170A746A342,); runOnlyForDeploymentPostprocessing = 0; };
		F91A51517F05795E0EDA0DEF = { isa = PBXFrameworksBuildPhase; buildActionMask = 2147483647; files = (); runOnlyForDeploymentPostprocessing = 0; };
		3C0F1DD9CFD81A9CE3F08C69 = { isa = PBXResourcesBuildPhase; buildActionMask = 2147483647; files = (0028E97B7846CB489AD8A711, 93A7B1160B704E4FD877920E,); runOnlyForDeploymentPostprocessing = 0; };
		E39B885DF49AB8706579BA07 = { isa = PBXNativeTarget; buildConfigurationList = 6B3FDD0796B073298FA86A95;
            buildPhases = (A6075E6B5883DCB2AB7E04CA, F91A51517F05795E0EDA0DEF, 3C0F1DD9CFD81A9CE3F08C69, DF1D964DDEA118B6ECC4BC51,);
            buildRules = (); dependencies = (553EC43BEAAD303DD5DAF5FA,); name = HemoryLocalDistribution;
            productName = HemoryLocalDistribution; productReference = 208E562E2D20DD0AD3EF2749;
            productType = "com.apple.product-type.application"; };
		73EBF6644258C120893E685D = { isa = XCBuildConfiguration; buildSettings = { ALWAYS_SEARCH_USER_PATHS = "NO"; CLANG_ENABLE_MODULES = "YES"; CLANG_ENABLE_OBJC_ARC = "YES"; ENABLE_STRICT_OBJC_MSGSEND = "YES"; GCC_C_LANGUAGE_STANDARD = "gnu17"; SDKROOT = "watchos"; WATCHOS_DEPLOYMENT_TARGET = "10.0"; DEBUG_INFORMATION_FORMAT = "dwarf"; SWIFT_OPTIMIZATION_LEVEL = "-Onone"; SWIFT_ACTIVE_COMPILATION_CONDITIONS = "DEBUG $(inherited)"; ENABLE_TESTABILITY = "YES"; }; name = Debug; };
		6C7EFF6369083C8E1F2B1994 = { isa = XCBuildConfiguration; buildSettings = { ASSETCATALOG_COMPILER_APPICON_NAME = "AppIcon"; CODE_SIGN_STYLE = "Automatic"; DEVELOPMENT_TEAM = ""; CURRENT_PROJECT_VERSION = "5"; GENERATE_INFOPLIST_FILE = "NO"; INFOPLIST_FILE = "HemoryLocal/Info.plist"; LD_RUNPATH_SEARCH_PATHS = "$(inherited) @executable_path/Frameworks"; MARKETING_VERSION = "0.1.0"; PRODUCT_BUNDLE_IDENTIFIER = "org.example.openhemory.watchkitapp"; HEMORY_COMPANION_BUNDLE_IDENTIFIER = "org.example.openhemory"; PRODUCT_NAME = "$(TARGET_NAME)"; SDKROOT = "watchos"; SKIP_INSTALL = "YES"; SUPPORTED_PLATFORMS = "watchos watchsimulator"; SWIFT_VERSION = "5.0"; SWIFT_STRICT_CONCURRENCY = "targeted"; TARGETED_DEVICE_FAMILY = "4"; WATCHOS_DEPLOYMENT_TARGET = "10.0"; ENABLE_USER_SCRIPT_SANDBOXING = "YES"; }; name = Debug; };
		7A0314B6499C69EC0F21FE92 = { isa = XCBuildConfiguration; buildSettings = { CODE_SIGN_STYLE = "Automatic"; DEVELOPMENT_TEAM = ""; CURRENT_PROJECT_VERSION = "5"; MARKETING_VERSION = "0.1.0"; PRODUCT_BUNDLE_IDENTIFIER = "org.example.openhemory"; PRODUCT_NAME = "$(TARGET_NAME)"; SDKROOT = "iphoneos"; SUPPORTED_PLATFORMS = "iphoneos iphonesimulator"; IPHONEOS_DEPLOYMENT_TARGET = "17.0"; TARGETED_DEVICE_FAMILY = "1,2"; GENERATE_INFOPLIST_FILE = "YES"; INFOPLIST_KEY_CFBundleDisplayName = "ExtBrain"; INFOPLIST_KEY_ITSAppUsesNonExemptEncryption = "NO"; SKIP_INSTALL = "NO"; ASSETCATALOG_COMPILER_APPICON_NAME = "AppIcon"; SWIFT_VERSION = "5.0"; SWIFT_STRICT_CONCURRENCY = "targeted"; LD_RUNPATH_SEARCH_PATHS = "$(inherited) @executable_path/Frameworks"; INFOPLIST_KEY_UIApplicationSceneManifest_Generation = "YES"; INFOPLIST_KEY_UILaunchScreen_Generation = "YES"; INFOPLIST_KEY_UISupportedInterfaceOrientations_iPhone = "UIInterfaceOrientationPortrait UIInterfaceOrientationLandscapeLeft UIInterfaceOrientationLandscapeRight"; INFOPLIST_KEY_UISupportedInterfaceOrientations_iPad = "UIInterfaceOrientationPortrait UIInterfaceOrientationPortraitUpsideDown UIInterfaceOrientationLandscapeLeft UIInterfaceOrientationLandscapeRight"; }; name = Debug; };
		0B0C687DF8B6B8DC790B519C = { isa = XCBuildConfiguration; buildSettings = { ALWAYS_SEARCH_USER_PATHS = "NO"; CLANG_ENABLE_MODULES = "YES"; CLANG_ENABLE_OBJC_ARC = "YES"; ENABLE_STRICT_OBJC_MSGSEND = "YES"; GCC_C_LANGUAGE_STANDARD = "gnu17"; SDKROOT = "watchos"; WATCHOS_DEPLOYMENT_TARGET = "10.0"; DEBUG_INFORMATION_FORMAT = "dwarf-with-dsym"; SWIFT_OPTIMIZATION_LEVEL = "-O"; SWIFT_COMPILATION_MODE = "wholemodule"; }; name = Release; };
		DD75E2CB1C510A828AC72D96 = { isa = XCBuildConfiguration; buildSettings = { ASSETCATALOG_COMPILER_APPICON_NAME = "AppIcon"; CODE_SIGN_STYLE = "Automatic"; DEVELOPMENT_TEAM = ""; CURRENT_PROJECT_VERSION = "5"; GENERATE_INFOPLIST_FILE = "NO"; INFOPLIST_FILE = "HemoryLocal/Info.plist"; LD_RUNPATH_SEARCH_PATHS = "$(inherited) @executable_path/Frameworks"; MARKETING_VERSION = "0.1.0"; PRODUCT_BUNDLE_IDENTIFIER = "org.example.openhemory.watchkitapp"; HEMORY_COMPANION_BUNDLE_IDENTIFIER = "org.example.openhemory"; PRODUCT_NAME = "$(TARGET_NAME)"; SDKROOT = "watchos"; SKIP_INSTALL = "YES"; SUPPORTED_PLATFORMS = "watchos watchsimulator"; SWIFT_VERSION = "5.0"; SWIFT_STRICT_CONCURRENCY = "targeted"; TARGETED_DEVICE_FAMILY = "4"; WATCHOS_DEPLOYMENT_TARGET = "10.0"; ENABLE_USER_SCRIPT_SANDBOXING = "YES"; }; name = Release; };
		8A13F0C36DDB55EA37F90BAA = { isa = XCBuildConfiguration; buildSettings = { CODE_SIGN_STYLE = "Automatic"; DEVELOPMENT_TEAM = ""; CURRENT_PROJECT_VERSION = "5"; MARKETING_VERSION = "0.1.0"; PRODUCT_BUNDLE_IDENTIFIER = "org.example.openhemory"; PRODUCT_NAME = "$(TARGET_NAME)"; SDKROOT = "iphoneos"; SUPPORTED_PLATFORMS = "iphoneos iphonesimulator"; IPHONEOS_DEPLOYMENT_TARGET = "17.0"; TARGETED_DEVICE_FAMILY = "1,2"; GENERATE_INFOPLIST_FILE = "YES"; INFOPLIST_KEY_CFBundleDisplayName = "ExtBrain"; INFOPLIST_KEY_ITSAppUsesNonExemptEncryption = "NO"; SKIP_INSTALL = "NO"; ASSETCATALOG_COMPILER_APPICON_NAME = "AppIcon"; SWIFT_VERSION = "5.0"; SWIFT_STRICT_CONCURRENCY = "targeted"; LD_RUNPATH_SEARCH_PATHS = "$(inherited) @executable_path/Frameworks"; INFOPLIST_KEY_UIApplicationSceneManifest_Generation = "YES"; INFOPLIST_KEY_UILaunchScreen_Generation = "YES"; INFOPLIST_KEY_UISupportedInterfaceOrientations_iPhone = "UIInterfaceOrientationPortrait UIInterfaceOrientationLandscapeLeft UIInterfaceOrientationLandscapeRight"; INFOPLIST_KEY_UISupportedInterfaceOrientations_iPad = "UIInterfaceOrientationPortrait UIInterfaceOrientationPortraitUpsideDown UIInterfaceOrientationLandscapeLeft UIInterfaceOrientationLandscapeRight"; }; name = Release; };
		DF10D92617D0252A0BF9C919 = { isa = XCConfigurationList; buildConfigurations = (73EBF6644258C120893E685D, 0B0C687DF8B6B8DC790B519C,); defaultConfigurationIsVisible = 0; defaultConfigurationName = Release; };
		78F249D9140B5D7B47DA2B7D = { isa = XCConfigurationList; buildConfigurations = (6C7EFF6369083C8E1F2B1994, DD75E2CB1C510A828AC72D96,); defaultConfigurationIsVisible = 0; defaultConfigurationName = Release; };
		6B3FDD0796B073298FA86A95 = { isa = XCConfigurationList; buildConfigurations = (7A0314B6499C69EC0F21FE92, 8A13F0C36DDB55EA37F90BAA,); defaultConfigurationIsVisible = 0; defaultConfigurationName = Release; };
		244210E48437B6556980A702 = { isa = PBXProject; attributes = { BuildIndependentTargetsInParallel = YES; LastUpgradeCheck = 1600;
            TargetAttributes = { 34A04005BCAF206EEC990BD9 = { CreatedOnToolsVersion = 16.0; }; }; };
            buildConfigurationList = DF10D92617D0252A0BF9C919; compatibilityVersion = "Xcode 14.0";
            developmentRegion = en; hasScannedForEncodings = 0; knownRegions = (en, Base, "zh-Hans");
            mainGroup = A0282CDBEE91B0AC00351D03; productRefGroup = 0A3E27B8CA818264D75C8D81; projectDirPath = "";
            projectRoot = ""; targets = (34A04005BCAF206EEC990BD9, E39B885DF49AB8706579BA07,); };
	};
	rootObject = 244210E48437B6556980A702;
}
